
Microsoft Visual Studio Solution File, Format Version 12.00
# Visual Studio 14
VisualStudioVersion = 14.0.25420.1
MinimumVisualStudioVersion = 10.0.40219.1
Project("{FAE04EC0-301F-11D3-BF4B-00C04F79EFBC}") = "MTChat.Server", "MTChat.Server\MTChat.Server.csproj", "{6E71790B-D7F7-4E83-A62C-B9FB2E134E7A}"
EndProject
Project("{FAE04EC0-301F-11D3-BF4B-00C04F79EFBC}") = "MTChat.WcfService", "MTChat.WcfService\MTChat.WcfService.csproj", "{E826469A-7F0D-463A-B1DD-28D05B59DC6B}"
EndProject
Project("{2150E333-8FDC-42A3-9474-1A3956D46DE8}") = "Server", "Server", "{5A269A51-F119-413D-B0D7-E028700DC007}"
EndProject
Project("{FAE04EC0-301F-11D3-BF4B-00C04F79EFBC}") = "MTChat.Common", "MTChat.Common\MTChat.Common.csproj", "{094E63CC-EDEE-4059-B003-266BC7B6D061}"
EndProject
Project("{2150E333-8FDC-42A3-9474-1A3956D46DE8}") = "Client", "Client", "{CB4E206A-FA97-425B-B2B8-BF66FC55EAF5}"
EndProject
Project("{FAE04EC0-301F-11D3-BF4B-00C04F79EFBC}") = "MTChat.Client", "MTChat.Client\MTChat.Client.csproj", "{DCB605B8-3FA5-46B5-9502-8A95BAD33E13}"
EndProject
Global
	GlobalSection(SolutionConfigurationPlatforms) = preSolution
		Debug|Any CPU = Debug|Any CPU
		Release|Any CPU = Release|Any CPU
	EndGlobalSection
	GlobalSection(ProjectConfigurationPlatforms) = postSolution
		{6E71790B-D7F7-4E83-A62C-B9FB2E134E7A}.Debug|Any CPU.ActiveCfg = Debug|Any CPU
		{6E71790B-D7F7-4E83-A62C-B9FB2E134E7A}.Debug|Any CPU.Build.0 = Debug|Any CPU
		{6E71790B-D7F7-4E83-A62C-B9FB2E134E7A}.Release|Any CPU.ActiveCfg = Release|Any CPU
		{6E71790B-D7F7-4E83-A62C-B9FB2E134E7A}.Release|Any CPU.Build.0 = Release|Any CPU
		{E826469A-7F0D-463A-B1DD-28D05B59DC6B}.Debug|Any CPU.ActiveCfg = Debug|Any CPU
		{E826469A-7F0D-463A-B1DD-28D05B59DC6B}.Debug|Any CPU.Build.0 = Debug|Any CPU
		{E826469A-7F0D-463A-B1DD-28D05B59DC6B}.Release|Any CPU.ActiveCfg = Release|Any CPU
		{E826469A-7F0D-463A-B1DD-28D05B59DC6B}.Release|Any CPU.Build.0 = Release|Any CPU
		{094E63CC-EDEE-4059-B003-266BC7B6D061}.Debug|Any CPU.ActiveCfg = Debug|Any CPU
		{094E63CC-EDEE-4059-B003-266BC7B6D061}.Debug|Any CPU.Build.0 = Debug|Any CPU
		{094E63CC-EDEE-4059-B003-266BC7B6D061}.Release|Any CPU.ActiveCfg = Release|Any CPU
		{094E63CC-EDEE-4059-B003-266BC7B6D061}.Release|Any CPU.Build.0 = Release|Any CPU
		{DCB605B8-3FA5-46B5-9502-8A95BAD33E13}.Debug|Any CPU.ActiveCfg = Debug|Any CPU
		{DCB605B8-3FA5-46B5-9502-8A95BAD33E13}.Debug|Any CPU.Build.0 = Debug|Any CPU
		{DCB605B8-3FA5-46B5-9502-8A95BAD33E13}.Release|Any CPU.ActiveCfg = Release|Any CPU
		{DCB605B8-3FA5-46B5-9502-8A95BAD33E13}.Release|Any CPU.Build.0 = Release|Any CPU
	EndGlobalSection
	GlobalSection(SolutionProperties) = preSolution
		HideSolutionNode = FALSE
	EndGlobalSection
	GlobalSection(NestedProjects) = preSolution
		{6E71790B-D7F7-4E83-A62C-B9FB2E134E7A} = {5A269A51-F119-413D-B0D7-E028700DC007}
		{E826469A-7F0D-463A-B1DD-28D05B59DC6B} = {5A269A51-F119-413D-B0D7-E028700DC007}
		{DCB605B8-3FA5-46B5-9502-8A95BAD33E13} = {CB4E206A-FA97-425B-B2B8-BF66FC55EAF5}
	EndGlobalSection
EndGlobal
